# @generated - this file is auto-generated by `mise lock` https://mise.jdx.dev/dev-tools/mise-lock.html

[[tools.ansible]]
version = "14.0.0"
backend = "pipx:ansible"

[tools.ansible.options]
pipx_args = "--include-deps"
uvx = "true"

[[tools.pipx]]
version = "1.14.1"
backend = "aqua:pypa/pipx"

[tools.pipx."platforms.linux-arm64"]
checksum = "sha256:4ca0f4ea421bac9cf47f0479d37c373048257eb00ab95551c8b9aa4a837c467d"
url = "https://github.com/pypa/pipx/releases/download/1.14.1/pipx.pyz"

[tools.pipx."platforms.linux-arm64-musl"]
checksum = "sha256:4ca0f4ea421bac9cf47f0479d37c373048257eb00ab95551c8b9aa4a837c467d"
url = "https://github.com/pypa/pipx/releases/download/1.14.1/pipx.pyz"

[tools.pipx."platforms.linux-x64"]
checksum = "sha256:4ca0f4ea421bac9cf47f0479d37c373048257eb00ab95551c8b9aa4a837c467d"
url = "https://github.com/pypa/pipx/releases/download/1.14.1/pipx.pyz"

[tools.pipx."platforms.linux-x64-musl"]
checksum = "sha256:4ca0f4ea421bac9cf47f0479d37c373048257eb00ab95551c8b9aa4a837c467d"
url = "https://github.com/pypa/pipx/releases/download/1.14.1/pipx.pyz"

[tools.pipx."platforms.macos-arm64"]
checksum = "sha256:4ca0f4ea421bac9cf47f0479d37c373048257eb00ab95551c8b9aa4a837c467d"
url = "https://github.com/pypa/pipx/releases/download/1.14.1/pipx.pyz"

[tools.pipx."platforms.macos-x64"]
checksum = "sha256:4ca0f4ea421bac9cf47f0479d37c373048257eb00ab95551c8b9aa4a837c467d"
url = "https://github.com/pypa/pipx/releases/download/1.14.1/pipx.pyz"

[[tools."pipx:ansible-lint"]]
version = "26.4.0"
backend = "pipx:ansible-lint"

[[tools.uv]]
version = "0.11.23"
backend = "asdf:uv"
