# @generated - this file is auto-generated by `mise lock` https://mise.jdx.dev/dev-tools/mise-lock.html

[[tools.ansible]]
version = "14.3.1"
backend = "pipx:ansible"

[tools.ansible.options]
pipx_args = "--include-deps"
uvx = "true"
uvx_args = "--with-executables-from ansible-core"

[[tools."pipx:ansible-lint"]]
version = "26.8.0"
backend = "pipx:ansible-lint"

[[tools."pipx:cruft"]]
version = "2.16.0"
backend = "pipx:cruft"

[[tools.uv]]
version = "0.12.8"
backend = "asdf:uv"
