# @generated - this file is auto-generated by `mise lock` https://mise.jdx.dev/dev-tools/mise-lock.html

[[tools.ansible]]
version = "14.0.0"
backend = "pipx:ansible"

[tools.ansible.options]
pipx_args = "--include-deps"
uvx = "false"
uvx_args = "--include-deps"

[[tools."pipx:ansible-lint"]]
version = "26.4.0"
backend = "pipx:ansible-lint"

[[tools."pipx:cruft"]]
version = "2.16.0"
backend = "pipx:cruft"

[[tools.uv]]
version = "0.11.23"
backend = "asdf:uv"
